{
	"name": "fnlb-selfhosted",
	"version": "1.1.6",
	"lockfileVersion": 3,
	"requires": true,
	"packages": {
		"": {
			"name": "fnlb-selfhosted",
			"version": "1.1.6",
			"license": "ISC",
			"dependencies": {
				"fnlb": "latest"
			}
		},
		"node_modules/fnlb": {
			"version": "1.1.6",
			"resolved": "https://registry.npmjs.org/fnlb/-/fnlb-1.1.6.tgz",
			"integrity": "sha512-Kuz445wDq+t8oz/bHGcc01eKXNgaiAwVk0/sj/ro7Ifs93R5bN3Anzw4RPlcj6D9TQ575A0rSc6jjyC2Ok8ErQ==",
			"license": "ISC"
		}
	}
}
