{
	"name": "fnlb-selfhosted",
	"version": "1.0.0",
	"lockfileVersion": 3,
	"requires": true,
	"packages": {
		"": {
			"name": "fnlb-selfhosted",
			"version": "1.0.0",
			"license": "ISC",
			"dependencies": {
				"dotenv": "^17.0.0",
				"fnlb": "latest"
			}
		},
		"node_modules/dotenv": {
			"version": "17.1.0",
			"resolved": "https://registry.npmjs.org/dotenv/-/dotenv-17.1.0.tgz",
			"integrity": "sha512-tG9VUTJTuju6GcXgbdsOuRhupE8cb4mRgY5JLRCh4MtGoVo3/gfGUtOMwmProM6d0ba2mCFvv+WrpYJV6qgJXQ==",
			"license": "BSD-2-Clause",
			"engines": {
				"node": ">=12"
			},
			"funding": {
				"url": "https://dotenvx.com"
			}
		},
		"node_modules/fnlb": {
			"version": "1.1.12",
			"resolved": "https://registry.npmjs.org/fnlb/-/fnlb-1.1.12.tgz",
			"integrity": "sha512-SE/w5yVIQ3oajrunE/iFPBI7+t6/bC7TAYce1ZKOoYgQ+dtBrnbpy6N4F6SY6y8AfkF0IWSfqGc5sfGgYg9tPw==",
			"license": "ISC"
		}
	}
}
