{
	"name": "fnlb-selfhosted",
	"version": "1.0.0",
	"lockfileVersion": 3,
	"requires": true,
	"packages": {
		"": {
			"name": "fnlb-selfhosted",
			"version": "1.0.0",
			"license": "ISC",
			"dependencies": {
				"dotenv": "^16.4.7",
				"fnlb": "latest"
			}
		},
		"node_modules/dotenv": {
			"version": "16.5.0",
			"resolved": "https://registry.npmjs.org/dotenv/-/dotenv-16.5.0.tgz",
			"integrity": "sha512-m/C+AwOAr9/W1UOIZUo232ejMNnJAJtYQjUbHoNTBNTJSvqzzDh7vnrei3o3r3m9blf6ZoDkvcw0VmozNRFJxg==",
			"license": "BSD-2-Clause",
			"engines": {
				"node": ">=12"
			},
			"funding": {
				"url": "https://dotenvx.com"
			}
		},
		"node_modules/fnlb": {
			"version": "1.1.11",
			"resolved": "https://registry.npmjs.org/fnlb/-/fnlb-1.1.11.tgz",
			"integrity": "sha512-6ew7RtNX5UjzQdyXxyPNdf1fYk33fdqVds7Uly2/bSbM7aVNrBfjInz2w74z6BuxbuRGMx5ImsfOg5ovL+rTNw==",
			"license": "ISC"
		}
	}
}
